{
  "name": "@choonkeat/agent-chat",
  "version": "0.1.8",
  "lockfileVersion": 3,
  "requires": true,
  "packages": {
    "": {
      "name": "@choonkeat/agent-chat",
      "version": "0.1.8",
      "hasInstallScript": true,
      "license": "MIT",
      "bin": {
        "agent-chat": "bin/agent-chat.js"
      },
      "devDependencies": {
        "@playwright/test": "^1.58.2"
      },
      "optionalDependencies": {
        "@choonkeat/agent-chat-darwin-arm64": "0.1.8",
        "@choonkeat/agent-chat-darwin-x64": "0.1.8",
        "@choonkeat/agent-chat-linux-arm64": "0.1.8",
        "@choonkeat/agent-chat-linux-x64": "0.1.8",
        "@choonkeat/agent-chat-win32-arm64": "0.1.8",
        "@choonkeat/agent-chat-win32-x64": "0.1.8"
      }
    },
    "node_modules/@choonkeat/agent-chat-darwin-arm64": {
      "version": "0.1.8",
      "resolved": "https://registry.npmjs.org/@choonkeat/agent-chat-darwin-arm64/-/agent-chat-darwin-arm64-0.1.8.tgz",
      "integrity": "sha512-G3zw3+zy3ZSb6d0MVC1HiXT+dvKqNXUtErwBufgClZooFd74qwh0cixcGxdv0QpCrf+u7f6ZDsFq7P+39gKBbQ==",
      "cpu": [
        "arm64"
      ],
      "license": "MIT",
      "optional": true,
      "os": [
        "darwin"
      ]
    },
    "node_modules/@choonkeat/agent-chat-darwin-x64": {
      "version": "0.1.8",
      "resolved": "https://registry.npmjs.org/@choonkeat/agent-chat-darwin-x64/-/agent-chat-darwin-x64-0.1.8.tgz",
      "integrity": "sha512-tZ7y8UpH81n4+/MRPzjq0Jy3jHd86wiHT65nb3SB/SJ3apFLEDYJW/InoMUcJCDtmm6g8UU7wfz75U+d82+j2w==",
      "cpu": [
        "x64"
      ],
      "license": "MIT",
      "optional": true,
      "os": [
        "darwin"
      ]
    },
    "node_modules/@choonkeat/agent-chat-linux-arm64": {
      "version": "0.1.8",
      "resolved": "https://registry.npmjs.org/@choonkeat/agent-chat-linux-arm64/-/agent-chat-linux-arm64-0.1.8.tgz",
      "integrity": "sha512-bcNdsVEvDVfSpmlDqtWCPiLcPjbtc7bHaNpTJijoWMjB69cqVFbvQmH/mf6NWiS+QOIyy2dbYM4a4PSRkbd25g==",
      "cpu": [
        "arm64"
      ],
      "license": "MIT",
      "optional": true,
      "os": [
        "linux"
      ]
    },
    "node_modules/@choonkeat/agent-chat-linux-x64": {
      "version": "0.1.8",
      "resolved": "https://registry.npmjs.org/@choonkeat/agent-chat-linux-x64/-/agent-chat-linux-x64-0.1.8.tgz",
      "integrity": "sha512-oZ/TDiXrAmAvNgCK6m+YxlN8h4itX7+bu+UoWiYZQk/R3WONP02cDwIUkovxYrfoWOBwJeQ/tJaH4nYURYBJwA==",
      "cpu": [
        "x64"
      ],
      "license": "MIT",
      "optional": true,
      "os": [
        "linux"
      ]
    },
    "node_modules/@choonkeat/agent-chat-win32-arm64": {
      "version": "0.1.8",
      "resolved": "https://registry.npmjs.org/@choonkeat/agent-chat-win32-arm64/-/agent-chat-win32-arm64-0.1.8.tgz",
      "integrity": "sha512-noYnFpTzQVfaRnSzCuBU8AVzhU0byNXIPf7NJin9eq8tgVeatC2Yjf9V6k97O3K2zuY8aGfRNPIKWXwx4lg8qQ==",
      "cpu": [
        "arm64"
      ],
      "license": "MIT",
      "optional": true,
      "os": [
        "win32"
      ]
    },
    "node_modules/@choonkeat/agent-chat-win32-x64": {
      "version": "0.1.8",
      "resolved": "https://registry.npmjs.org/@choonkeat/agent-chat-win32-x64/-/agent-chat-win32-x64-0.1.8.tgz",
      "integrity": "sha512-qJBvSiAt5dbzmun0VW+8h/VO/ubH5tjg0RfEHdPoODO8mLmljalvvoBh3M3IWtQ/wZYCTDUYhi994gpK/PzICw==",
      "cpu": [
        "x64"
      ],
      "license": "MIT",
      "optional": true,
      "os": [
        "win32"
      ]
    },
    "node_modules/@playwright/test": {
      "version": "1.58.2",
      "resolved": "https://registry.npmjs.org/@playwright/test/-/test-1.58.2.tgz",
      "integrity": "sha512-akea+6bHYBBfA9uQqSYmlJXn61cTa+jbO87xVLCWbTqbWadRVmhxlXATaOjOgcBaWU4ePo0wB41KMFv3o35IXA==",
      "dev": true,
      "license": "Apache-2.0",
      "dependencies": {
        "playwright": "1.58.2"
      },
      "bin": {
        "playwright": "cli.js"
      },
      "engines": {
        "node": ">=18"
      }
    },
    "node_modules/fsevents": {
      "version": "2.3.2",
      "resolved": "https://registry.npmjs.org/fsevents/-/fsevents-2.3.2.tgz",
      "integrity": "sha512-xiqMQR4xAeHTuB9uWm+fFRcIOgKBMiOBP+eXiyT7jsgVCq1bkVygt00oASowB7EdtpOHaaPgKt812P9ab+DDKA==",
      "dev": true,
      "hasInstallScript": true,
      "license": "MIT",
      "optional": true,
      "os": [
        "darwin"
      ],
      "engines": {
        "node": "^8.16.0 || ^10.6.0 || >=11.0.0"
      }
    },
    "node_modules/playwright": {
      "version": "1.58.2",
      "resolved": "https://registry.npmjs.org/playwright/-/playwright-1.58.2.tgz",
      "integrity": "sha512-vA30H8Nvkq/cPBnNw4Q8TWz1EJyqgpuinBcHET0YVJVFldr8JDNiU9LaWAE1KqSkRYazuaBhTpB5ZzShOezQ6A==",
      "dev": true,
      "license": "Apache-2.0",
      "dependencies": {
        "playwright-core": "1.58.2"
      },
      "bin": {
        "playwright": "cli.js"
      },
      "engines": {
        "node": ">=18"
      },
      "optionalDependencies": {
        "fsevents": "2.3.2"
      }
    },
    "node_modules/playwright-core": {
      "version": "1.58.2",
      "resolved": "https://registry.npmjs.org/playwright-core/-/playwright-core-1.58.2.tgz",
      "integrity": "sha512-yZkEtftgwS8CsfYo7nm0KE8jsvm6i/PTgVtB8DL726wNf6H2IMsDuxCpJj59KDaxCtSnrWan2AeDqM7JBaultg==",
      "dev": true,
      "license": "Apache-2.0",
      "bin": {
        "playwright-core": "cli.js"
      },
      "engines": {
        "node": ">=18"
      }
    }
  }
}
